// !$*UTF8*$!
{
	archiveVersion = 1;
	classes = {
	};
	objectVersion = 46;
	objects = {

/* Begin PBXBuildFile section */
		3622CBAFF572561FCE84BF78 /* Pods_Flycatcher_iOS.framework in Frameworks */ = {isa = PBXBuildFile; fileRef = 16686872B330D8501ED793BA /* Pods_Flycatcher_iOS.framework */; };
		4DF551034A0771BF8771B999 /* Pods_Flycatcher_Demo.framework in Frameworks */ = {isa = PBXBuildFile; fileRef = A0FFDA73BED508B14DE3DE79 /* Pods_Flycatcher_Demo.framework */; };
		D912171C1CB50EED00FDBC64 /* Flycatcher.h in Headers */ = {isa = PBXBuildFile; fileRef = D912171B1CB50EED00FDBC64 /* Flycatcher.h */; settings = {ATTRIBUTES = (Public, ); }; };
		D91217231CB50EED00FDBC64 /* Flycatcher.framework in Frameworks */ = {isa = PBXBuildFile; fileRef = D91217181CB50EED00FDBC64 /* Flycatcher.framework */; };
		D91217331CB518EF00FDBC64 /* UIImageView.swift in Sources */ = {isa = PBXBuildFile; fileRef = D91217321CB518EF00FDBC64 /* UIImageView.swift */; };
		D91217351CB52B1700FDBC64 /* FlycatcherEnums.swift in Sources */ = {isa = PBXBuildFile; fileRef = D91217341CB52B1700FDBC64 /* FlycatcherEnums.swift */; };
		D912173C1CB541F000FDBC64 /* DownloadManager.swift in Sources */ = {isa = PBXBuildFile; fileRef = D912173B1CB541F000FDBC64 /* DownloadManager.swift */; };
		D912173E1CB5420800FDBC64 /* DownloadOperation.swift in Sources */ = {isa = PBXBuildFile; fileRef = D912173D1CB5420800FDBC64 /* DownloadOperation.swift */; };
		D91217401CB5426A00FDBC64 /* FlycatcherResource.swift in Sources */ = {isa = PBXBuildFile; fileRef = D912173F1CB5426A00FDBC64 /* FlycatcherResource.swift */; };
		D91217421CB5428300FDBC64 /* Cacher.swift in Sources */ = {isa = PBXBuildFile; fileRef = D91217411CB5428300FDBC64 /* Cacher.swift */; };
		D92BAD841CBD404D008A1002 /* DownloadOperation.swift in Sources */ = {isa = PBXBuildFile; fileRef = D912173D1CB5420800FDBC64 /* DownloadOperation.swift */; };
		D92BAD851CBD40D3008A1002 /* FlycatcherStructs.swift in Sources */ = {isa = PBXBuildFile; fileRef = D9E000F81CBBB97B000807CD /* FlycatcherStructs.swift */; };
		D92BAD861CBD40D9008A1002 /* Downloader.swift in Sources */ = {isa = PBXBuildFile; fileRef = D9E000F51CBBA6F1000807CD /* Downloader.swift */; };
		D92BAD871CBD40E0008A1002 /* Cacher.swift in Sources */ = {isa = PBXBuildFile; fileRef = D91217411CB5428300FDBC64 /* Cacher.swift */; };
		D92BAD891CBE33A2008A1002 /* NSURL.swift in Sources */ = {isa = PBXBuildFile; fileRef = D92BAD881CBE33A2008A1002 /* NSURL.swift */; };
		D92BAD8B1CBE4999008A1002 /* NSURL.swift in Sources */ = {isa = PBXBuildFile; fileRef = D92BAD881CBE33A2008A1002 /* NSURL.swift */; };
		D92BAD8D1CBE6F07008A1002 /* NSOperationQueue.swift in Sources */ = {isa = PBXBuildFile; fileRef = D92BAD8C1CBE6F07008A1002 /* NSOperationQueue.swift */; };
		D92BAD8F1CBE85F9008A1002 /* Completor.swift in Sources */ = {isa = PBXBuildFile; fileRef = D92BAD8E1CBE85F9008A1002 /* Completor.swift */; };
		D92BAD901CBE9317008A1002 /* NSOperationQueue.swift in Sources */ = {isa = PBXBuildFile; fileRef = D92BAD8C1CBE6F07008A1002 /* NSOperationQueue.swift */; };
		D92BAD911CBE931F008A1002 /* Completor.swift in Sources */ = {isa = PBXBuildFile; fileRef = D92BAD8E1CBE85F9008A1002 /* Completor.swift */; };
		D92BADA01CBEB287008A1002 /* ResourcesCache.swift in Sources */ = {isa = PBXBuildFile; fileRef = D92BAD9F1CBEB287008A1002 /* ResourcesCache.swift */; };
		D92BADA11CBEB2EC008A1002 /* ResourcesCache.swift in Sources */ = {isa = PBXBuildFile; fileRef = D92BAD9F1CBEB287008A1002 /* ResourcesCache.swift */; };
		D92BADA21CBFCB7C008A1002 /* UIImageView.swift in Sources */ = {isa = PBXBuildFile; fileRef = D91217321CB518EF00FDBC64 /* UIImageView.swift */; };
		D92BADA61CBFCF3D008A1002 /* FlycatcherImageViewManager.swift in Sources */ = {isa = PBXBuildFile; fileRef = D92BADA51CBFCF3D008A1002 /* FlycatcherImageViewManager.swift */; };
		D92BADA71CBFCF6A008A1002 /* FlycatcherImageViewManager.swift in Sources */ = {isa = PBXBuildFile; fileRef = D92BADA51CBFCF3D008A1002 /* FlycatcherImageViewManager.swift */; };
		D92BADAF1CBFEB82008A1002 /* AppDelegate.swift in Sources */ = {isa = PBXBuildFile; fileRef = D92BADAE1CBFEB82008A1002 /* AppDelegate.swift */; };
		D92BADB11CBFEB82008A1002 /* RandomViewController.swift in Sources */ = {isa = PBXBuildFile; fileRef = D92BADB01CBFEB82008A1002 /* RandomViewController.swift */; };
		D92BADB41CBFEB82008A1002 /* Main.storyboard in Resources */ = {isa = PBXBuildFile; fileRef = D92BADB21CBFEB82008A1002 /* Main.storyboard */; };
		D92BADB61CBFEB82008A1002 /* Assets.xcassets in Resources */ = {isa = PBXBuildFile; fileRef = D92BADB51CBFEB82008A1002 /* Assets.xcassets */; };
		D92BADC11CBFF7E3008A1002 /* Launch Screen.storyboard in Resources */ = {isa = PBXBuildFile; fileRef = D92BADBF1CBFF657008A1002 /* Launch Screen.storyboard */; };
		D92BADC21CC00293008A1002 /* Flycatcher.swift in Sources */ = {isa = PBXBuildFile; fileRef = D9E000ED1CB90279000807CD /* Flycatcher.swift */; };
		D92BADC31CC00293008A1002 /* FlycatcherImageViewManager.swift in Sources */ = {isa = PBXBuildFile; fileRef = D92BADA51CBFCF3D008A1002 /* FlycatcherImageViewManager.swift */; };
		D92BADC41CC00293008A1002 /* FlycatcherEnums.swift in Sources */ = {isa = PBXBuildFile; fileRef = D91217341CB52B1700FDBC64 /* FlycatcherEnums.swift */; };
		D92BADC51CC00293008A1002 /* FlycatcherStructs.swift in Sources */ = {isa = PBXBuildFile; fileRef = D9E000F81CBBB97B000807CD /* FlycatcherStructs.swift */; };
		D92BADC61CC00293008A1002 /* FlycatcherResource.swift in Sources */ = {isa = PBXBuildFile; fileRef = D912173F1CB5426A00FDBC64 /* FlycatcherResource.swift */; };
		D92BADC71CC00293008A1002 /* FlycatcherResult.swift in Sources */ = {isa = PBXBuildFile; fileRef = D9E000EB1CB8FA53000807CD /* FlycatcherResult.swift */; };
		D92BADC81CC00293008A1002 /* DownloadManager.swift in Sources */ = {isa = PBXBuildFile; fileRef = D912173B1CB541F000FDBC64 /* DownloadManager.swift */; };
		D92BADC91CC00293008A1002 /* Cacher.swift in Sources */ = {isa = PBXBuildFile; fileRef = D91217411CB5428300FDBC64 /* Cacher.swift */; };
		D92BADCA1CC00293008A1002 /* Downloader.swift in Sources */ = {isa = PBXBuildFile; fileRef = D9E000F51CBBA6F1000807CD /* Downloader.swift */; };
		D92BADCB1CC00293008A1002 /* DownloadOperation.swift in Sources */ = {isa = PBXBuildFile; fileRef = D912173D1CB5420800FDBC64 /* DownloadOperation.swift */; };
		D92BADCC1CC00293008A1002 /* Completor.swift in Sources */ = {isa = PBXBuildFile; fileRef = D92BAD8E1CBE85F9008A1002 /* Completor.swift */; };
		D92BADCD1CC00293008A1002 /* ResourcesCache.swift in Sources */ = {isa = PBXBuildFile; fileRef = D92BAD9F1CBEB287008A1002 /* ResourcesCache.swift */; };
		D92BADCE1CC00298008A1002 /* UIImageView.swift in Sources */ = {isa = PBXBuildFile; fileRef = D91217321CB518EF00FDBC64 /* UIImageView.swift */; };
		D92BADCF1CC00298008A1002 /* UIImage.swift in Sources */ = {isa = PBXBuildFile; fileRef = D9BD46341CB7BCC600044548 /* UIImage.swift */; };
		D92BADD01CC00298008A1002 /* NSURL.swift in Sources */ = {isa = PBXBuildFile; fileRef = D92BAD881CBE33A2008A1002 /* NSURL.swift */; };
		D92BADD11CC00298008A1002 /* NSOperationQueue.swift in Sources */ = {isa = PBXBuildFile; fileRef = D92BAD8C1CBE6F07008A1002 /* NSOperationQueue.swift */; };
		D9661CD01CB6AB0F00B009EE /* UIImageViewExtensionTests.swift in Sources */ = {isa = PBXBuildFile; fileRef = D91217391CB53FCA00FDBC64 /* UIImageViewExtensionTests.swift */; };
		D9661CD11CB6AB0F00B009EE /* DownloadManagerTests.swift in Sources */ = {isa = PBXBuildFile; fileRef = D912178F1CB69A7000FDBC64 /* DownloadManagerTests.swift */; };
		D9A2641C1CC0314B006102A5 /* LoadingViewController.swift in Sources */ = {isa = PBXBuildFile; fileRef = D9A2641A1CC02F9F006102A5 /* LoadingViewController.swift */; };
		D9BD46321CB7A9D000044548 /* DownloadManager.swift in Sources */ = {isa = PBXBuildFile; fileRef = D912173B1CB541F000FDBC64 /* DownloadManager.swift */; };
		D9BD46351CB7BCC600044548 /* UIImage.swift in Sources */ = {isa = PBXBuildFile; fileRef = D9BD46341CB7BCC600044548 /* UIImage.swift */; };
		D9E000EA1CB8418A000807CD /* FlycatcherResource.swift in Sources */ = {isa = PBXBuildFile; fileRef = D912173F1CB5426A00FDBC64 /* FlycatcherResource.swift */; };
		D9E000EC1CB8FA53000807CD /* FlycatcherResult.swift in Sources */ = {isa = PBXBuildFile; fileRef = D9E000EB1CB8FA53000807CD /* FlycatcherResult.swift */; };
		D9E000EE1CB90279000807CD /* Flycatcher.swift in Sources */ = {isa = PBXBuildFile; fileRef = D9E000ED1CB90279000807CD /* Flycatcher.swift */; };
		D9E000EF1CB9035D000807CD /* Flycatcher.swift in Sources */ = {isa = PBXBuildFile; fileRef = D9E000ED1CB90279000807CD /* Flycatcher.swift */; };
		D9E000F01CB912EA000807CD /* FlycatcherResult.swift in Sources */ = {isa = PBXBuildFile; fileRef = D9E000EB1CB8FA53000807CD /* FlycatcherResult.swift */; };
		D9E000F11CB91308000807CD /* FlycatcherEnums.swift in Sources */ = {isa = PBXBuildFile; fileRef = D91217341CB52B1700FDBC64 /* FlycatcherEnums.swift */; };
		D9E000F41CB91D6D000807CD /* Resources in Resources */ = {isa = PBXBuildFile; fileRef = D9E000F31CB91D6D000807CD /* Resources */; };
		D9E000F61CBBA6F1000807CD /* Downloader.swift in Sources */ = {isa = PBXBuildFile; fileRef = D9E000F51CBBA6F1000807CD /* Downloader.swift */; };
		D9E000F91CBBB97B000807CD /* FlycatcherStructs.swift in Sources */ = {isa = PBXBuildFile; fileRef = D9E000F81CBBB97B000807CD /* FlycatcherStructs.swift */; };
		F2AA2EF46E79E7064199C368 /* Pods_FlycatcherTests_iOS.framework in Frameworks */ = {isa = PBXBuildFile; fileRef = 8E93E2986E7196E1AEFED3A7 /* Pods_FlycatcherTests_iOS.framework */; };
/* End PBXBuildFile section */

/* Begin PBXContainerItemProxy section */
		D91217241CB50EED00FDBC64 /* PBXContainerItemProxy */ = {
			isa = PBXContainerItemProxy;
			containerPortal = D912170F1CB50EED00FDBC64 /* Project object */;
			proxyType = 1;
			remoteGlobalIDString = D91217171CB50EED00FDBC64;
			remoteInfo = Flycatcher;
		};
/* End PBXContainerItemProxy section */

/* Begin PBXFileReference section */
		16686872B330D8501ED793BA /* Pods_Flycatcher_iOS.framework */ = {isa = PBXFileReference; explicitFileType = wrapper.framework; includeInIndex = 0; path = Pods_Flycatcher_iOS.framework; sourceTree = BUILT_PRODUCTS_DIR; };
		2B8D336B43F143C3133B9633 /* Pods-FlycatcherTests iOS.debug.xcconfig */ = {isa = PBXFileReference; includeInIndex = 1; lastKnownFileType = text.xcconfig; name = "Pods-FlycatcherTests iOS.debug.xcconfig"; path = "Pods/Target Support Files/Pods-FlycatcherTests iOS/Pods-FlycatcherTests iOS.debug.xcconfig"; sourceTree = "<group>"; };
		3D1048C49FDD997C4EDD2C51 /* Pods-FlycatcherTests iOS.release.xcconfig */ = {isa = PBXFileReference; includeInIndex = 1; lastKnownFileType = text.xcconfig; name = "Pods-FlycatcherTests iOS.release.xcconfig"; path = "Pods/Target Support Files/Pods-FlycatcherTests iOS/Pods-FlycatcherTests iOS.release.xcconfig"; sourceTree = "<group>"; };
		8E93E2986E7196E1AEFED3A7 /* Pods_FlycatcherTests_iOS.framework */ = {isa = PBXFileReference; explicitFileType = wrapper.framework; includeInIndex = 0; path = Pods_FlycatcherTests_iOS.framework; sourceTree = BUILT_PRODUCTS_DIR; };
		98F8E079AEA62BF0051306BE /* Pods-Flycatcher iOS.release.xcconfig */ = {isa = PBXFileReference; includeInIndex = 1; lastKnownFileType = text.xcconfig; name = "Pods-Flycatcher iOS.release.xcconfig"; path = "Pods/Target Support Files/Pods-Flycatcher iOS/Pods-Flycatcher iOS.release.xcconfig"; sourceTree = "<group>"; };
		9F23B85803BFF04093CBBF4E /* Pods-Flycatcher Demo.debug.xcconfig */ = {isa = PBXFileReference; includeInIndex = 1; lastKnownFileType = text.xcconfig; name = "Pods-Flycatcher Demo.debug.xcconfig"; path = "Pods/Target Support Files/Pods-Flycatcher Demo/Pods-Flycatcher Demo.debug.xcconfig"; sourceTree = "<group>"; };
		A0FFDA73BED508B14DE3DE79 /* Pods_Flycatcher_Demo.framework */ = {isa = PBXFileReference; explicitFileType = wrapper.framework; includeInIndex = 0; path = Pods_Flycatcher_Demo.framework; sourceTree = BUILT_PRODUCTS_DIR; };
		A3EE43EAFC9086461D9B7369 /* Pods-Flycatcher Demo.release.xcconfig */ = {isa = PBXFileReference; includeInIndex = 1; lastKnownFileType = text.xcconfig; name = "Pods-Flycatcher Demo.release.xcconfig"; path = "Pods/Target Support Files/Pods-Flycatcher Demo/Pods-Flycatcher Demo.release.xcconfig"; sourceTree = "<group>"; };
		D91217181CB50EED00FDBC64 /* Flycatcher.framework */ = {isa = PBXFileReference; explicitFileType = wrapper.framework; includeInIndex = 0; path = Flycatcher.framework; sourceTree = BUILT_PRODUCTS_DIR; };
		D912171B1CB50EED00FDBC64 /* Flycatcher.h */ = {isa = PBXFileReference; lastKnownFileType = sourcecode.c.h; path = Flycatcher.h; sourceTree = "<group>"; };
		D91217221CB50EED00FDBC64 /* FlycatcherTests iOS.xctest */ = {isa = PBXFileReference; explicitFileType = wrapper.cfbundle; includeInIndex = 0; path = "FlycatcherTests iOS.xctest"; sourceTree = BUILT_PRODUCTS_DIR; };
		D91217271CB50EED00FDBC64 /* FlycatcherTests.swift */ = {isa = PBXFileReference; lastKnownFileType = sourcecode.swift; path = FlycatcherTests.swift; sourceTree = "<group>"; };
		D91217291CB50EED00FDBC64 /* Info.plist */ = {isa = PBXFileReference; lastKnownFileType = text.plist.xml; path = Info.plist; sourceTree = "<group>"; };
		D91217321CB518EF00FDBC64 /* UIImageView.swift */ = {isa = PBXFileReference; fileEncoding = 4; lastKnownFileType = sourcecode.swift; path = UIImageView.swift; sourceTree = "<group>"; };
		D91217341CB52B1700FDBC64 /* FlycatcherEnums.swift */ = {isa = PBXFileReference; fileEncoding = 4; lastKnownFileType = sourcecode.swift; path = FlycatcherEnums.swift; sourceTree = "<group>"; };
		D91217391CB53FCA00FDBC64 /* UIImageViewExtensionTests.swift */ = {isa = PBXFileReference; fileEncoding = 4; lastKnownFileType = sourcecode.swift; path = UIImageViewExtensionTests.swift; sourceTree = "<group>"; };
		D912173B1CB541F000FDBC64 /* DownloadManager.swift */ = {isa = PBXFileReference; fileEncoding = 4; lastKnownFileType = sourcecode.swift; path = DownloadManager.swift; sourceTree = "<group>"; };
		D912173D1CB5420800FDBC64 /* DownloadOperation.swift */ = {isa = PBXFileReference; fileEncoding = 4; lastKnownFileType = sourcecode.swift; path = DownloadOperation.swift; sourceTree = "<group>"; };
		D912173F1CB5426A00FDBC64 /* FlycatcherResource.swift */ = {isa = PBXFileReference; fileEncoding = 4; lastKnownFileType = sourcecode.swift; path = FlycatcherResource.swift; sourceTree = "<group>"; };
		D91217411CB5428300FDBC64 /* Cacher.swift */ = {isa = PBXFileReference; fileEncoding = 4; lastKnownFileType = sourcecode.swift; path = Cacher.swift; sourceTree = "<group>"; };
		D912178F1CB69A7000FDBC64 /* DownloadManagerTests.swift */ = {isa = PBXFileReference; fileEncoding = 4; lastKnownFileType = sourcecode.swift; path = DownloadManagerTests.swift; sourceTree = "<group>"; };
		D92BAD881CBE33A2008A1002 /* NSURL.swift */ = {isa = PBXFileReference; fileEncoding = 4; lastKnownFileType = sourcecode.swift; path = NSURL.swift; sourceTree = "<group>"; };
		D92BAD8C1CBE6F07008A1002 /* NSOperationQueue.swift */ = {isa = PBXFileReference; fileEncoding = 4; lastKnownFileType = sourcecode.swift; path = NSOperationQueue.swift; sourceTree = "<group>"; };
		D92BAD8E1CBE85F9008A1002 /* Completor.swift */ = {isa = PBXFileReference; fileEncoding = 4; lastKnownFileType = sourcecode.swift; path = Completor.swift; sourceTree = "<group>"; };
		D92BAD9F1CBEB287008A1002 /* ResourcesCache.swift */ = {isa = PBXFileReference; fileEncoding = 4; lastKnownFileType = sourcecode.swift; path = ResourcesCache.swift; sourceTree = "<group>"; };
		D92BADA51CBFCF3D008A1002 /* FlycatcherImageViewManager.swift */ = {isa = PBXFileReference; fileEncoding = 4; lastKnownFileType = sourcecode.swift; path = FlycatcherImageViewManager.swift; sourceTree = "<group>"; };
		D92BADAC1CBFEB82008A1002 /* Flycatcher Demo.app */ = {isa = PBXFileReference; explicitFileType = wrapper.application; includeInIndex = 0; path = "Flycatcher Demo.app"; sourceTree = BUILT_PRODUCTS_DIR; };
		D92BADAE1CBFEB82008A1002 /* AppDelegate.swift */ = {isa = PBXFileReference; lastKnownFileType = sourcecode.swift; path = AppDelegate.swift; sourceTree = "<group>"; };
		D92BADB01CBFEB82008A1002 /* RandomViewController.swift */ = {isa = PBXFileReference; lastKnownFileType = sourcecode.swift; path = RandomViewController.swift; sourceTree = "<group>"; };
		D92BADB31CBFEB82008A1002 /* Base */ = {isa = PBXFileReference; lastKnownFileType = file.storyboard; name = Base; path = Base.lproj/Main.storyboard; sourceTree = "<group>"; };
		D92BADB51CBFEB82008A1002 /* Assets.xcassets */ = {isa = PBXFileReference; lastKnownFileType = folder.assetcatalog; path = Assets.xcassets; sourceTree = "<group>"; };
		D92BADBA1CBFEB82008A1002 /* Info.plist */ = {isa = PBXFileReference; lastKnownFileType = text.plist.xml; path = Info.plist; sourceTree = "<group>"; };
		D92BADBF1CBFF657008A1002 /* Launch Screen.storyboard */ = {isa = PBXFileReference; fileEncoding = 4; lastKnownFileType = file.storyboard; path = "Launch Screen.storyboard"; sourceTree = "<group>"; };
		D9661CD21CB6ABDF00B009EE /* Nimble.framework */ = {isa = PBXFileReference; lastKnownFileType = wrapper.framework; name = Nimble.framework; path = "../../Library/Developer/Xcode/DerivedData/Build/Products/Debug-iphonesimulator/Nimble/Nimble.framework"; sourceTree = "<group>"; };
		D9661CD31CB6ABDF00B009EE /* Quick.framework */ = {isa = PBXFileReference; lastKnownFileType = wrapper.framework; name = Quick.framework; path = "../../Library/Developer/Xcode/DerivedData/Build/Products/Debug-iphonesimulator/Quick/Quick.framework"; sourceTree = "<group>"; };
		D9A2641A1CC02F9F006102A5 /* LoadingViewController.swift */ = {isa = PBXFileReference; fileEncoding = 4; lastKnownFileType = sourcecode.swift; path = LoadingViewController.swift; sourceTree = "<group>"; };
		D9BD46341CB7BCC600044548 /* UIImage.swift */ = {isa = PBXFileReference; fileEncoding = 4; lastKnownFileType = sourcecode.swift; path = UIImage.swift; sourceTree = "<group>"; };
		D9E000EB1CB8FA53000807CD /* FlycatcherResult.swift */ = {isa = PBXFileReference; fileEncoding = 4; lastKnownFileType = sourcecode.swift; path = FlycatcherResult.swift; sourceTree = "<group>"; };
		D9E000ED1CB90279000807CD /* Flycatcher.swift */ = {isa = PBXFileReference; fileEncoding = 4; lastKnownFileType = sourcecode.swift; path = Flycatcher.swift; sourceTree = "<group>"; };
		D9E000F31CB91D6D000807CD /* Resources */ = {isa = PBXFileReference; lastKnownFileType = folder; path = Resources; sourceTree = "<group>"; };
		D9E000F51CBBA6F1000807CD /* Downloader.swift */ = {isa = PBXFileReference; fileEncoding = 4; lastKnownFileType = sourcecode.swift; path = Downloader.swift; sourceTree = "<group>"; };
		D9E000F81CBBB97B000807CD /* FlycatcherStructs.swift */ = {isa = PBXFileReference; fileEncoding = 4; lastKnownFileType = sourcecode.swift; path = FlycatcherStructs.swift; sourceTree = "<group>"; };
		E40832F901AE4BA2A8D9BF32 /* Pods-Flycatcher iOS.debug.xcconfig */ = {isa = PBXFileReference; includeInIndex = 1; lastKnownFileType = text.xcconfig; name = "Pods-Flycatcher iOS.debug.xcconfig"; path = "Pods/Target Support Files/Pods-Flycatcher iOS/Pods-Flycatcher iOS.debug.xcconfig"; sourceTree = "<group>"; };
/* End PBXFileReference section */

/* Begin PBXFrameworksBuildPhase section */
		D91217141CB50EED00FDBC64 /* Frameworks */ = {
			isa = PBXFrameworksBuildPhase;
			buildActionMask = 2147483647;
			files = (
				3622CBAFF572561FCE84BF78 /* Pods_Flycatcher_iOS.framework in Frameworks */,
			);
			runOnlyForDeploymentPostprocessing = 0;
		};
		D912171F1CB50EED00FDBC64 /* Frameworks */ = {
			isa = PBXFrameworksBuildPhase;
			buildActionMask = 2147483647;
			files = (
				D91217231CB50EED00FDBC64 /* Flycatcher.framework in Frameworks */,
				F2AA2EF46E79E7064199C368 /* Pods_FlycatcherTests_iOS.framework in Frameworks */,
			);
			runOnlyForDeploymentPostprocessing = 0;
		};
		D92BADA91CBFEB82008A1002 /* Frameworks */ = {
			isa = PBXFrameworksBuildPhase;
			buildActionMask = 2147483647;
			files = (
				4DF551034A0771BF8771B999 /* Pods_Flycatcher_Demo.framework in Frameworks */,
			);
			runOnlyForDeploymentPostprocessing = 0;
		};
/* End PBXFrameworksBuildPhase section */

/* Begin PBXGroup section */
		A899BA5E3FD97948F6736C42 /* Pods */ = {
			isa = PBXGroup;
			children = (
				9F23B85803BFF04093CBBF4E /* Pods-Flycatcher Demo.debug.xcconfig */,
				A3EE43EAFC9086461D9B7369 /* Pods-Flycatcher Demo.release.xcconfig */,
				E40832F901AE4BA2A8D9BF32 /* Pods-Flycatcher iOS.debug.xcconfig */,
				98F8E079AEA62BF0051306BE /* Pods-Flycatcher iOS.release.xcconfig */,
				2B8D336B43F143C3133B9633 /* Pods-FlycatcherTests iOS.debug.xcconfig */,
				3D1048C49FDD997C4EDD2C51 /* Pods-FlycatcherTests iOS.release.xcconfig */,
			);
			name = Pods;
			sourceTree = "<group>";
		};
		C0846BB5C97AB502C03AC165 /* Frameworks */ = {
			isa = PBXGroup;
			children = (
				D9661CD21CB6ABDF00B009EE /* Nimble.framework */,
				D9661CD31CB6ABDF00B009EE /* Quick.framework */,
				A0FFDA73BED508B14DE3DE79 /* Pods_Flycatcher_Demo.framework */,
				16686872B330D8501ED793BA /* Pods_Flycatcher_iOS.framework */,
				8E93E2986E7196E1AEFED3A7 /* Pods_FlycatcherTests_iOS.framework */,
			);
			name = Frameworks;
			sourceTree = "<group>";
		};
		D912170E1CB50EED00FDBC64 = {
			isa = PBXGroup;
			children = (
				D912171A1CB50EED00FDBC64 /* Flycatcher */,
				D91217261CB50EED00FDBC64 /* FlycatcherTests */,
				D92BADAD1CBFEB82008A1002 /* Flycatcher Demo */,
				D91217191CB50EED00FDBC64 /* Products */,
				C0846BB5C97AB502C03AC165 /* Frameworks */,
				A899BA5E3FD97948F6736C42 /* Pods */,
			);
			sourceTree = "<group>";
		};
		D91217191CB50EED00FDBC64 /* Products */ = {
			isa = PBXGroup;
			children = (
				D91217181CB50EED00FDBC64 /* Flycatcher.framework */,
				D91217221CB50EED00FDBC64 /* FlycatcherTests iOS.xctest */,
				D92BADAC1CBFEB82008A1002 /* Flycatcher Demo.app */,
			);
			name = Products;
			sourceTree = "<group>";
		};
		D912171A1CB50EED00FDBC64 /* Flycatcher */ = {
			isa = PBXGroup;
			children = (
				D912171B1CB50EED00FDBC64 /* Flycatcher.h */,
				D9BD46331CB7BCBB00044548 /* Extensions */,
				D9E000ED1CB90279000807CD /* Flycatcher.swift */,
				D92BADA51CBFCF3D008A1002 /* FlycatcherImageViewManager.swift */,
				D91217341CB52B1700FDBC64 /* FlycatcherEnums.swift */,
				D9E000F81CBBB97B000807CD /* FlycatcherStructs.swift */,
				D912173F1CB5426A00FDBC64 /* FlycatcherResource.swift */,
				D9E000EB1CB8FA53000807CD /* FlycatcherResult.swift */,
				D912173B1CB541F000FDBC64 /* DownloadManager.swift */,
				D91217411CB5428300FDBC64 /* Cacher.swift */,
				D9E000F51CBBA6F1000807CD /* Downloader.swift */,
				D912173D1CB5420800FDBC64 /* DownloadOperation.swift */,
				D92BAD8E1CBE85F9008A1002 /* Completor.swift */,
				D92BAD9F1CBEB287008A1002 /* ResourcesCache.swift */,
			);
			path = Flycatcher;
			sourceTree = "<group>";
		};
		D91217261CB50EED00FDBC64 /* FlycatcherTests */ = {
			isa = PBXGroup;
			children = (
				D9E000F31CB91D6D000807CD /* Resources */,
				D91217271CB50EED00FDBC64 /* FlycatcherTests.swift */,
				D91217291CB50EED00FDBC64 /* Info.plist */,
				D91217391CB53FCA00FDBC64 /* UIImageViewExtensionTests.swift */,
				D912178F1CB69A7000FDBC64 /* DownloadManagerTests.swift */,
			);
			path = FlycatcherTests;
			sourceTree = "<group>";
		};
		D92BADAD1CBFEB82008A1002 /* Flycatcher Demo */ = {
			isa = PBXGroup;
			children = (
				D92BADAE1CBFEB82008A1002 /* AppDelegate.swift */,
				D92BADB01CBFEB82008A1002 /* RandomViewController.swift */,
				D9A2641A1CC02F9F006102A5 /* LoadingViewController.swift */,
				D92BADB21CBFEB82008A1002 /* Main.storyboard */,
				D92BADB51CBFEB82008A1002 /* Assets.xcassets */,
				D92BADBA1CBFEB82008A1002 /* Info.plist */,
				D92BADBF1CBFF657008A1002 /* Launch Screen.storyboard */,
			);
			name = "Flycatcher Demo";
			path = Flycatcher/Demo;
			sourceTree = "<group>";
		};
		D9BD46331CB7BCBB00044548 /* Extensions */ = {
			isa = PBXGroup;
			children = (
				D91217321CB518EF00FDBC64 /* UIImageView.swift */,
				D9BD46341CB7BCC600044548 /* UIImage.swift */,
				D92BAD881CBE33A2008A1002 /* NSURL.swift */,
				D92BAD8C1CBE6F07008A1002 /* NSOperationQueue.swift */,
			);
			name = Extensions;
			sourceTree = "<group>";
		};
/* End PBXGroup section */

/* Begin PBXHeadersBuildPhase section */
		D91217151CB50EED00FDBC64 /* Headers */ = {
			isa = PBXHeadersBuildPhase;
			buildActionMask = 2147483647;
			files = (
				D912171C1CB50EED00FDBC64 /* Flycatcher.h in Headers */,
			);
			runOnlyForDeploymentPostprocessing = 0;
		};
/* End PBXHeadersBuildPhase section */

/* Begin PBXNativeTarget section */
		D91217171CB50EED00FDBC64 /* Flycatcher iOS */ = {
			isa = PBXNativeTarget;
			buildConfigurationList = D912172C1CB50EED00FDBC64 /* Build configuration list for PBXNativeTarget "Flycatcher iOS" */;
			buildPhases = (
				FDA14CEF3B0AA0AF9E710E66 /* 📦 Check Pods Manifest.lock */,
				D91217131CB50EED00FDBC64 /* Sources */,
				D91217141CB50EED00FDBC64 /* Frameworks */,
				D91217151CB50EED00FDBC64 /* Headers */,
				D91217161CB50EED00FDBC64 /* Resources */,
				2A854BF4CEE979123F9FE5E7 /* 📦 Copy Pods Resources */,
			);
			buildRules = (
			);
			dependencies = (
			);
			name = "Flycatcher iOS";
			productName = Flycatcher;
			productReference = D91217181CB50EED00FDBC64 /* Flycatcher.framework */;
			productType = "com.apple.product-type.framework";
		};
		D91217211CB50EED00FDBC64 /* FlycatcherTests iOS */ = {
			isa = PBXNativeTarget;
			buildConfigurationList = D912172F1CB50EED00FDBC64 /* Build configuration list for PBXNativeTarget "FlycatcherTests iOS" */;
			buildPhases = (
				3EA74192916376F7C9ADD526 /* 📦 Check Pods Manifest.lock */,
				D91217911CB6A9AA00FDBC64 /* Run Script */,
				D912171E1CB50EED00FDBC64 /* Sources */,
				D912171F1CB50EED00FDBC64 /* Frameworks */,
				D91217201CB50EED00FDBC64 /* Resources */,
				C55F30053D0F675B9D1D0539 /* 📦 Embed Pods Frameworks */,
				73D8DD8697BC37705D00689A /* 📦 Copy Pods Resources */,
			);
			buildRules = (
			);
			dependencies = (
				D91217251CB50EED00FDBC64 /* PBXTargetDependency */,
			);
			name = "FlycatcherTests iOS";
			productName = FlycatcherTests;
			productReference = D91217221CB50EED00FDBC64 /* FlycatcherTests iOS.xctest */;
			productType = "com.apple.product-type.bundle.unit-test";
		};
		D92BADAB1CBFEB82008A1002 /* Flycatcher Demo */ = {
			isa = PBXNativeTarget;
			buildConfigurationList = D92BADBB1CBFEB82008A1002 /* Build configuration list for PBXNativeTarget "Flycatcher Demo" */;
			buildPhases = (
				AB84DCAB7A1D7F4D77E4CE67 /* 📦 Check Pods Manifest.lock */,
				D92BADA81CBFEB82008A1002 /* Sources */,
				D92BADA91CBFEB82008A1002 /* Frameworks */,
				D92BADAA1CBFEB82008A1002 /* Resources */,
				47476B44D8E15147B4AFB2F9 /* 📦 Embed Pods Frameworks */,
				AB35D0F9913E84DA08146CD1 /* 📦 Copy Pods Resources */,
			);
			buildRules = (
			);
			dependencies = (
			);
			name = "Flycatcher Demo";
			productName = Flycatcher;
			productReference = D92BADAC1CBFEB82008A1002 /* Flycatcher Demo.app */;
			productType = "com.apple.product-type.application";
		};
/* End PBXNativeTarget section */

/* Begin PBXProject section */
		D912170F1CB50EED00FDBC64 /* Project object */ = {
			isa = PBXProject;
			attributes = {
				CLASSPREFIX = "";
				LastSwiftUpdateCheck = 0730;
				LastUpgradeCheck = 0730;
				ORGANIZATIONNAME = Capibara;
				TargetAttributes = {
					D91217171CB50EED00FDBC64 = {
						CreatedOnToolsVersion = 7.3;
					};
					D91217211CB50EED00FDBC64 = {
						CreatedOnToolsVersion = 7.3;
					};
					D92BADAB1CBFEB82008A1002 = {
						CreatedOnToolsVersion = 7.3;
					};
				};
			};
			buildConfigurationList = D91217121CB50EED00FDBC64 /* Build configuration list for PBXProject "Flycatcher" */;
			compatibilityVersion = "Xcode 3.2";
			developmentRegion = English;
			hasScannedForEncodings = 0;
			knownRegions = (
				en,
				Base,
			);
			mainGroup = D912170E1CB50EED00FDBC64;
			productRefGroup = D91217191CB50EED00FDBC64 /* Products */;
			projectDirPath = "";
			projectRoot = "";
			targets = (
				D91217171CB50EED00FDBC64 /* Flycatcher iOS */,
				D91217211CB50EED00FDBC64 /* FlycatcherTests iOS */,
				D92BADAB1CBFEB82008A1002 /* Flycatcher Demo */,
			);
		};
/* End PBXProject section */

/* Begin PBXResourcesBuildPhase section */
		D91217161CB50EED00FDBC64 /* Resources */ = {
			isa = PBXResourcesBuildPhase;
			buildActionMask = 2147483647;
			files = (
				D9E000F41CB91D6D000807CD /* Resources in Resources */,
			);
			runOnlyForDeploymentPostprocessing = 0;
		};
		D91217201CB50EED00FDBC64 /* Resources */ = {
			isa = PBXResourcesBuildPhase;
			buildActionMask = 2147483647;
			files = (
			);
			runOnlyForDeploymentPostprocessing = 0;
		};
		D92BADAA1CBFEB82008A1002 /* Resources */ = {
			isa = PBXResourcesBuildPhase;
			buildActionMask = 2147483647;
			files = (
				D92BADC11CBFF7E3008A1002 /* Launch Screen.storyboard in Resources */,
				D92BADB61CBFEB82008A1002 /* Assets.xcassets in Resources */,
				D92BADB41CBFEB82008A1002 /* Main.storyboard in Resources */,
			);
			runOnlyForDeploymentPostprocessing = 0;
		};
/* End PBXResourcesBuildPhase section */

/* Begin PBXShellScriptBuildPhase section */
		2A854BF4CEE979123F9FE5E7 /* 📦 Copy Pods Resources */ = {
			isa = PBXShellScriptBuildPhase;
			buildActionMask = 2147483647;
			files = (
			);
			inputPaths = (
			);
			name = "📦 Copy Pods Resources";
			outputPaths = (
			);
			runOnlyForDeploymentPostprocessing = 0;
			shellPath = /bin/sh;
			shellScript = "\"${SRCROOT}/Pods/Target Support Files/Pods-Flycatcher iOS/Pods-Flycatcher iOS-resources.sh\"\n";
			showEnvVarsInLog = 0;
		};
		3EA74192916376F7C9ADD526 /* 📦 Check Pods Manifest.lock */ = {
			isa = PBXShellScriptBuildPhase;
			buildActionMask = 2147483647;
			files = (
			);
			inputPaths = (
			);
			name = "📦 Check Pods Manifest.lock";
			outputPaths = (
			);
			runOnlyForDeploymentPostprocessing = 0;
			shellPath = /bin/sh;
			shellScript = "diff \"${PODS_ROOT}/../Podfile.lock\" \"${PODS_ROOT}/Manifest.lock\" > /dev/null\nif [[ $? != 0 ]] ; then\n    cat << EOM\nerror: The sandbox is not in sync with the Podfile.lock. Run 'pod install' or update your CocoaPods installation.\nEOM\n    exit 1\nfi\n";
			showEnvVarsInLog = 0;
		};
		47476B44D8E15147B4AFB2F9 /* 📦 Embed Pods Frameworks */ = {
			isa = PBXShellScriptBuildPhase;
			buildActionMask = 2147483647;
			files = (
			);
			inputPaths = (
			);
			name = "📦 Embed Pods Frameworks";
			outputPaths = (
			);
			runOnlyForDeploymentPostprocessing = 0;
			shellPath = /bin/sh;
			shellScript = "\"${SRCROOT}/Pods/Target Support Files/Pods-Flycatcher Demo/Pods-Flycatcher Demo-frameworks.sh\"\n";
			showEnvVarsInLog = 0;
		};
		73D8DD8697BC37705D00689A /* 📦 Copy Pods Resources */ = {
			isa = PBXShellScriptBuildPhase;
			buildActionMask = 2147483647;
			files = (
			);
			inputPaths = (
			);
			name = "📦 Copy Pods Resources";
			outputPaths = (
			);
			runOnlyForDeploymentPostprocessing = 0;
			shellPath = /bin/sh;
			shellScript = "\"${SRCROOT}/Pods/Target Support Files/Pods-FlycatcherTests iOS/Pods-FlycatcherTests iOS-resources.sh\"\n";
			showEnvVarsInLog = 0;
		};
		AB35D0F9913E84DA08146CD1 /* 📦 Copy Pods Resources */ = {
			isa = PBXShellScriptBuildPhase;
			buildActionMask = 2147483647;
			files = (
			);
			inputPaths = (
			);
			name = "📦 Copy Pods Resources";
			outputPaths = (
			);
			runOnlyForDeploymentPostprocessing = 0;
			shellPath = /bin/sh;
			shellScript = "\"${SRCROOT}/Pods/Target Support Files/Pods-Flycatcher Demo/Pods-Flycatcher Demo-resources.sh\"\n";
			showEnvVarsInLog = 0;
		};
		AB84DCAB7A1D7F4D77E4CE67 /* 📦 Check Pods Manifest.lock */ = {
			isa = PBXShellScriptBuildPhase;
			buildActionMask = 2147483647;
			files = (
			);
			inputPaths = (
			);
			name = "📦 Check Pods Manifest.lock";
			outputPaths = (
			);
			runOnlyForDeploymentPostprocessing = 0;
			shellPath = /bin/sh;
			shellScript = "diff \"${PODS_ROOT}/../Podfile.lock\" \"${PODS_ROOT}/Manifest.lock\" > /dev/null\nif [[ $? != 0 ]] ; then\n    cat << EOM\nerror: The sandbox is not in sync with the Podfile.lock. Run 'pod install' or update your CocoaPods installation.\nEOM\n    exit 1\nfi\n";
			showEnvVarsInLog = 0;
		};
		C55F30053D0F675B9D1D0539 /* 📦 Embed Pods Frameworks */ = {
			isa = PBXShellScriptBuildPhase;
			buildActionMask = 2147483647;
			files = (
			);
			inputPaths = (
			);
			name = "📦 Embed Pods Frameworks";
			outputPaths = (
			);
			runOnlyForDeploymentPostprocessing = 0;
			shellPath = /bin/sh;
			shellScript = "\"${SRCROOT}/Pods/Target Support Files/Pods-FlycatcherTests iOS/Pods-FlycatcherTests iOS-frameworks.sh\"\n";
			showEnvVarsInLog = 0;
		};
		D91217911CB6A9AA00FDBC64 /* Run Script */ = {
			isa = PBXShellScriptBuildPhase;
			buildActionMask = 2147483647;
			files = (
			);
			inputPaths = (
			);
			name = "Run Script";
			outputPaths = (
			);
			runOnlyForDeploymentPostprocessing = 0;
			shellPath = /bin/sh;
			shellScript = "#ruby -run -e httpd -- -p 5000 ./FlycatcherTests/Resources &\n";
		};
		FDA14CEF3B0AA0AF9E710E66 /* 📦 Check Pods Manifest.lock */ = {
			isa = PBXShellScriptBuildPhase;
			buildActionMask = 2147483647;
			files = (
			);
			inputPaths = (
			);
			name = "📦 Check Pods Manifest.lock";
			outputPaths = (
			);
			runOnlyForDeploymentPostprocessing = 0;
			shellPath = /bin/sh;
			shellScript = "diff \"${PODS_ROOT}/../Podfile.lock\" \"${PODS_ROOT}/Manifest.lock\" > /dev/null\nif [[ $? != 0 ]] ; then\n    cat << EOM\nerror: The sandbox is not in sync with the Podfile.lock. Run 'pod install' or update your CocoaPods installation.\nEOM\n    exit 1\nfi\n";
			showEnvVarsInLog = 0;
		};
/* End PBXShellScriptBuildPhase section */

/* Begin PBXSourcesBuildPhase section */
		D91217131CB50EED00FDBC64 /* Sources */ = {
			isa = PBXSourcesBuildPhase;
			buildActionMask = 2147483647;
			files = (
				D9E000F91CBBB97B000807CD /* FlycatcherStructs.swift in Sources */,
				D9E000F61CBBA6F1000807CD /* Downloader.swift in Sources */,
				D92BADA61CBFCF3D008A1002 /* FlycatcherImageViewManager.swift in Sources */,
				D92BADA01CBEB287008A1002 /* ResourcesCache.swift in Sources */,
				D91217401CB5426A00FDBC64 /* FlycatcherResource.swift in Sources */,
				D9E000EE1CB90279000807CD /* Flycatcher.swift in Sources */,
				D912173E1CB5420800FDBC64 /* DownloadOperation.swift in Sources */,
				D92BAD8F1CBE85F9008A1002 /* Completor.swift in Sources */,
				D91217331CB518EF00FDBC64 /* UIImageView.swift in Sources */,
				D92BAD8D1CBE6F07008A1002 /* NSOperationQueue.swift in Sources */,
				D92BAD891CBE33A2008A1002 /* NSURL.swift in Sources */,
				D91217351CB52B1700FDBC64 /* FlycatcherEnums.swift in Sources */,
				D912173C1CB541F000FDBC64 /* DownloadManager.swift in Sources */,
				D9E000EC1CB8FA53000807CD /* FlycatcherResult.swift in Sources */,
				D91217421CB5428300FDBC64 /* Cacher.swift in Sources */,
				D9BD46351CB7BCC600044548 /* UIImage.swift in Sources */,
			);
			runOnlyForDeploymentPostprocessing = 0;
		};
		D912171E1CB50EED00FDBC64 /* Sources */ = {
			isa = PBXSourcesBuildPhase;
			buildActionMask = 2147483647;
			files = (
				D92BAD861CBD40D9008A1002 /* Downloader.swift in Sources */,
				D92BAD851CBD40D3008A1002 /* FlycatcherStructs.swift in Sources */,
				D92BADA11CBEB2EC008A1002 /* ResourcesCache.swift in Sources */,
				D9E000EF1CB9035D000807CD /* Flycatcher.swift in Sources */,
				D9E000EA1CB8418A000807CD /* FlycatcherResource.swift in Sources */,
				D92BAD901CBE9317008A1002 /* NSOperationQueue.swift in Sources */,
				D92BAD911CBE931F008A1002 /* Completor.swift in Sources */,
				D9E000F11CB91308000807CD /* FlycatcherEnums.swift in Sources */,
				D92BADA21CBFCB7C008A1002 /* UIImageView.swift in Sources */,
				D92BAD841CBD404D008A1002 /* DownloadOperation.swift in Sources */,
				D92BAD8B1CBE4999008A1002 /* NSURL.swift in Sources */,
				D9661CD01CB6AB0F00B009EE /* UIImageViewExtensionTests.swift in Sources */,
				D92BAD871CBD40E0008A1002 /* Cacher.swift in Sources */,
				D9BD46321CB7A9D000044548 /* DownloadManager.swift in Sources */,
				D9661CD11CB6AB0F00B009EE /* DownloadManagerTests.swift in Sources */,
				D9E000F01CB912EA000807CD /* FlycatcherResult.swift in Sources */,
				D92BADA71CBFCF6A008A1002 /* FlycatcherImageViewManager.swift in Sources */,
			);
			runOnlyForDeploymentPostprocessing = 0;
		};
		D92BADA81CBFEB82008A1002 /* Sources */ = {
			isa = PBXSourcesBuildPhase;
			buildActionMask = 2147483647;
			files = (
				D92BADCD1CC00293008A1002 /* ResourcesCache.swift in Sources */,
				D92BADCE1CC00298008A1002 /* UIImageView.swift in Sources */,
				D92BADCA1CC00293008A1002 /* Downloader.swift in Sources */,
				D92BADB11CBFEB82008A1002 /* RandomViewController.swift in Sources */,
				D92BADC21CC00293008A1002 /* Flycatcher.swift in Sources */,
				D92BADC31CC00293008A1002 /* FlycatcherImageViewManager.swift in Sources */,
				D92BADC91CC00293008A1002 /* Cacher.swift in Sources */,
				D92BADCC1CC00293008A1002 /* Completor.swift in Sources */,
				D92BADC51CC00293008A1002 /* FlycatcherStructs.swift in Sources */,
				D92BADCF1CC00298008A1002 /* UIImage.swift in Sources */,
				D92BADAF1CBFEB82008A1002 /* AppDelegate.swift in Sources */,
				D9A2641C1CC0314B006102A5 /* LoadingViewController.swift in Sources */,
				D92BADC71CC00293008A1002 /* FlycatcherResult.swift in Sources */,
				D92BADD11CC00298008A1002 /* NSOperationQueue.swift in Sources */,
				D92BADC61CC00293008A1002 /* FlycatcherResource.swift in Sources */,
				D92BADC81CC00293008A1002 /* DownloadManager.swift in Sources */,
				D92BADC41CC00293008A1002 /* FlycatcherEnums.swift in Sources */,
				D92BADD01CC00298008A1002 /* NSURL.swift in Sources */,
				D92BADCB1CC00293008A1002 /* DownloadOperation.swift in Sources */,
			);
			runOnlyForDeploymentPostprocessing = 0;
		};
/* End PBXSourcesBuildPhase section */

/* Begin PBXTargetDependency section */
		D91217251CB50EED00FDBC64 /* PBXTargetDependency */ = {
			isa = PBXTargetDependency;
			target = D91217171CB50EED00FDBC64 /* Flycatcher iOS */;
			targetProxy = D91217241CB50EED00FDBC64 /* PBXContainerItemProxy */;
		};
/* End PBXTargetDependency section */

/* Begin PBXVariantGroup section */
		D92BADB21CBFEB82008A1002 /* Main.storyboard */ = {
			isa = PBXVariantGroup;
			children = (
				D92BADB31CBFEB82008A1002 /* Base */,
			);
			name = Main.storyboard;
			sourceTree = "<group>";
		};
/* End PBXVariantGroup section */

/* Begin XCBuildConfiguration section */
		D912172A1CB50EED00FDBC64 /* Debug */ = {
			isa = XCBuildConfiguration;
			buildSettings = {
				ALWAYS_SEARCH_USER_PATHS = NO;
				CLANG_ALLOW_NON_MODULAR_INCLUDES_IN_FRAMEWORK_MODULES = NO;
				CLANG_ANALYZER_NONNULL = YES;
				CLANG_CXX_LANGUAGE_STANDARD = "gnu++0x";
				CLANG_CXX_LIBRARY = "libc++";
				CLANG_ENABLE_MODULES = YES;
				CLANG_ENABLE_OBJC_ARC = YES;
				CLANG_WARN_BOOL_CONVERSION = YES;
				CLANG_WARN_CONSTANT_CONVERSION = YES;
				CLANG_WARN_DIRECT_OBJC_ISA_USAGE = YES_ERROR;
				CLANG_WARN_EMPTY_BODY = YES;
				CLANG_WARN_ENUM_CONVERSION = YES;
				CLANG_WARN_INT_CONVERSION = YES;
				CLANG_WARN_OBJC_ROOT_CLASS = YES_ERROR;
				CLANG_WARN_UNREACHABLE_CODE = YES;
				CLANG_WARN__DUPLICATE_METHOD_MATCH = YES;
				"CODE_SIGN_IDENTITY[sdk=iphoneos*]" = "iPhone Developer";
				COPY_PHASE_STRIP = NO;
				CURRENT_PROJECT_VERSION = 1;
				DEBUG_INFORMATION_FORMAT = dwarf;
				ENABLE_STRICT_OBJC_MSGSEND = YES;
				ENABLE_TESTABILITY = YES;
				GCC_C_LANGUAGE_STANDARD = gnu99;
				GCC_DYNAMIC_NO_PIC = NO;
				GCC_NO_COMMON_BLOCKS = YES;
				GCC_OPTIMIZATION_LEVEL = 0;
				GCC_PREPROCESSOR_DEFINITIONS = (
					"DEBUG=1",
					"$(inherited)",
				);
				GCC_WARN_64_TO_32_BIT_CONVERSION = YES;
				GCC_WARN_ABOUT_RETURN_TYPE = YES_ERROR;
				GCC_WARN_UNDECLARED_SELECTOR = YES;
				GCC_WARN_UNINITIALIZED_AUTOS = YES_AGGRESSIVE;
				GCC_WARN_UNUSED_FUNCTION = YES;
				GCC_WARN_UNUSED_VARIABLE = YES;
				IPHONEOS_DEPLOYMENT_TARGET = 8.0;
				MTL_ENABLE_DEBUG_INFO = YES;
				ONLY_ACTIVE_ARCH = YES;
				SDKROOT = iphoneos;
				SWIFT_OBJC_BRIDGING_HEADER = "";
				SWIFT_OPTIMIZATION_LEVEL = "-Onone";
				TARGETED_DEVICE_FAMILY = "1,2";
				VERSIONING_SYSTEM = "apple-generic";
				VERSION_INFO_PREFIX = "";
			};
			name = Debug;
		};
		D912172B1CB50EED00FDBC64 /* Release */ = {
			isa = XCBuildConfiguration;
			buildSettings = {
				ALWAYS_SEARCH_USER_PATHS = NO;
				CLANG_ALLOW_NON_MODULAR_INCLUDES_IN_FRAMEWORK_MODULES = NO;
				CLANG_ANALYZER_NONNULL = YES;
				CLANG_CXX_LANGUAGE_STANDARD = "gnu++0x";
				CLANG_CXX_LIBRARY = "libc++";
				CLANG_ENABLE_MODULES = YES;
				CLANG_ENABLE_OBJC_ARC = YES;
				CLANG_WARN_BOOL_CONVERSION = YES;
				CLANG_WARN_CONSTANT_CONVERSION = YES;
				CLANG_WARN_DIRECT_OBJC_ISA_USAGE = YES_ERROR;
				CLANG_WARN_EMPTY_BODY = YES;
				CLANG_WARN_ENUM_CONVERSION = YES;
				CLANG_WARN_INT_CONVERSION = YES;
				CLANG_WARN_OBJC_ROOT_CLASS = YES_ERROR;
				CLANG_WARN_UNREACHABLE_CODE = YES;
				CLANG_WARN__DUPLICATE_METHOD_MATCH = YES;
				"CODE_SIGN_IDENTITY[sdk=iphoneos*]" = "iPhone Developer";
				COPY_PHASE_STRIP = NO;
				CURRENT_PROJECT_VERSION = 1;
				DEBUG_INFORMATION_FORMAT = "dwarf-with-dsym";
				ENABLE_NS_ASSERTIONS = NO;
				ENABLE_STRICT_OBJC_MSGSEND = YES;
				GCC_C_LANGUAGE_STANDARD = gnu99;
				GCC_NO_COMMON_BLOCKS = YES;
				GCC_WARN_64_TO_32_BIT_CONVERSION = YES;
				GCC_WARN_ABOUT_RETURN_TYPE = YES_ERROR;
				GCC_WARN_UNDECLARED_SELECTOR = YES;
				GCC_WARN_UNINITIALIZED_AUTOS = YES_AGGRESSIVE;
				GCC_WARN_UNUSED_FUNCTION = YES;
				GCC_WARN_UNUSED_VARIABLE = YES;
				IPHONEOS_DEPLOYMENT_TARGET = 8.0;
				MTL_ENABLE_DEBUG_INFO = NO;
				SDKROOT = iphoneos;
				SWIFT_OBJC_BRIDGING_HEADER = "";
				TARGETED_DEVICE_FAMILY = "1,2";
				VALIDATE_PRODUCT = YES;
				VERSIONING_SYSTEM = "apple-generic";
				VERSION_INFO_PREFIX = "";
			};
			name = Release;
		};
		D912172D1CB50EED00FDBC64 /* Debug */ = {
			isa = XCBuildConfiguration;
			baseConfigurationReference = E40832F901AE4BA2A8D9BF32 /* Pods-Flycatcher iOS.debug.xcconfig */;
			buildSettings = {
				CLANG_ENABLE_MODULES = YES;
				DEFINES_MODULE = YES;
				DYLIB_COMPATIBILITY_VERSION = 1;
				DYLIB_CURRENT_VERSION = 1;
				DYLIB_INSTALL_NAME_BASE = "@rpath";
				INFOPLIST_FILE = Flycatcher/Info.plist;
				INSTALL_PATH = "$(LOCAL_LIBRARY_DIR)/Frameworks";
				IPHONEOS_DEPLOYMENT_TARGET = 8.0;
				LD_RUNPATH_SEARCH_PATHS = "$(inherited) @executable_path/Frameworks @loader_path/Frameworks";
				MODULE_NAME = "";
				PRODUCT_BUNDLE_IDENTIFIER = com.capibara.Flycatcher;
				PRODUCT_NAME = Flycatcher;
				SKIP_INSTALL = YES;
				SWIFT_OPTIMIZATION_LEVEL = "-Onone";
			};
			name = Debug;
		};
		D912172E1CB50EED00FDBC64 /* Release */ = {
			isa = XCBuildConfiguration;
			baseConfigurationReference = 98F8E079AEA62BF0051306BE /* Pods-Flycatcher iOS.release.xcconfig */;
			buildSettings = {
				CLANG_ENABLE_MODULES = YES;
				DEFINES_MODULE = YES;
				DYLIB_COMPATIBILITY_VERSION = 1;
				DYLIB_CURRENT_VERSION = 1;
				DYLIB_INSTALL_NAME_BASE = "@rpath";
				INFOPLIST_FILE = Flycatcher/Info.plist;
				INSTALL_PATH = "$(LOCAL_LIBRARY_DIR)/Frameworks";
				IPHONEOS_DEPLOYMENT_TARGET = 8.0;
				LD_RUNPATH_SEARCH_PATHS = "$(inherited) @executable_path/Frameworks @loader_path/Frameworks";
				MODULE_NAME = "";
				PRODUCT_BUNDLE_IDENTIFIER = com.capibara.Flycatcher;
				PRODUCT_NAME = Flycatcher;
				SKIP_INSTALL = YES;
			};
			name = Release;
		};
		D91217301CB50EED00FDBC64 /* Debug */ = {
			isa = XCBuildConfiguration;
			baseConfigurationReference = 2B8D336B43F143C3133B9633 /* Pods-FlycatcherTests iOS.debug.xcconfig */;
			buildSettings = {
				INFOPLIST_FILE = FlycatcherTests/Info.plist;
				LD_RUNPATH_SEARCH_PATHS = "$(inherited) @executable_path/Frameworks @loader_path/Frameworks";
				PRODUCT_BUNDLE_IDENTIFIER = com.capibara.FlycatcherTests;
				PRODUCT_NAME = "$(TARGET_NAME)";
			};
			name = Debug;
		};
		D91217311CB50EED00FDBC64 /* Release */ = {
			isa = XCBuildConfiguration;
			baseConfigurationReference = 3D1048C49FDD997C4EDD2C51 /* Pods-FlycatcherTests iOS.release.xcconfig */;
			buildSettings = {
				INFOPLIST_FILE = FlycatcherTests/Info.plist;
				LD_RUNPATH_SEARCH_PATHS = "$(inherited) @executable_path/Frameworks @loader_path/Frameworks";
				PRODUCT_BUNDLE_IDENTIFIER = com.capibara.FlycatcherTests;
				PRODUCT_NAME = "$(TARGET_NAME)";
			};
			name = Release;
		};
		D92BADBC1CBFEB82008A1002 /* Debug */ = {
			isa = XCBuildConfiguration;
			baseConfigurationReference = 9F23B85803BFF04093CBBF4E /* Pods-Flycatcher Demo.debug.xcconfig */;
			buildSettings = {
				ASSETCATALOG_COMPILER_APPICON_NAME = AppIcon;
				INFOPLIST_FILE = Flycatcher/Info.plist;
				IPHONEOS_DEPLOYMENT_TARGET = 9.0;
				LD_RUNPATH_SEARCH_PATHS = "$(inherited) @executable_path/Frameworks";
				PRODUCT_BUNDLE_IDENTIFIER = com.capibara.Flycatcher;
				PRODUCT_NAME = "$(TARGET_NAME)";
			};
			name = Debug;
		};
		D92BADBD1CBFEB82008A1002 /* Release */ = {
			isa = XCBuildConfiguration;
			baseConfigurationReference = A3EE43EAFC9086461D9B7369 /* Pods-Flycatcher Demo.release.xcconfig */;
			buildSettings = {
				ASSETCATALOG_COMPILER_APPICON_NAME = AppIcon;
				INFOPLIST_FILE = Flycatcher/Info.plist;
				IPHONEOS_DEPLOYMENT_TARGET = 9.0;
				LD_RUNPATH_SEARCH_PATHS = "$(inherited) @executable_path/Frameworks";
				PRODUCT_BUNDLE_IDENTIFIER = com.capibara.Flycatcher;
				PRODUCT_NAME = "$(TARGET_NAME)";
			};
			name = Release;
		};
/* End XCBuildConfiguration section */

/* Begin XCConfigurationList section */
		D91217121CB50EED00FDBC64 /* Build configuration list for PBXProject "Flycatcher" */ = {
			isa = XCConfigurationList;
			buildConfigurations = (
				D912172A1CB50EED00FDBC64 /* Debug */,
				D912172B1CB50EED00FDBC64 /* Release */,
			);
			defaultConfigurationIsVisible = 0;
			defaultConfigurationName = Release;
		};
		D912172C1CB50EED00FDBC64 /* Build configuration list for PBXNativeTarget "Flycatcher iOS" */ = {
			isa = XCConfigurationList;
			buildConfigurations = (
				D912172D1CB50EED00FDBC64 /* Debug */,
				D912172E1CB50EED00FDBC64 /* Release */,
			);
			defaultConfigurationIsVisible = 0;
			defaultConfigurationName = Release;
		};
		D912172F1CB50EED00FDBC64 /* Build configuration list for PBXNativeTarget "FlycatcherTests iOS" */ = {
			isa = XCConfigurationList;
			buildConfigurations = (
				D91217301CB50EED00FDBC64 /* Debug */,
				D91217311CB50EED00FDBC64 /* Release */,
			);
			defaultConfigurationIsVisible = 0;
			defaultConfigurationName = Release;
		};
		D92BADBB1CBFEB82008A1002 /* Build configuration list for PBXNativeTarget "Flycatcher Demo" */ = {
			isa = XCConfigurationList;
			buildConfigurations = (
				D92BADBC1CBFEB82008A1002 /* Debug */,
				D92BADBD1CBFEB82008A1002 /* Release */,
			);
			defaultConfigurationIsVisible = 0;
			defaultConfigurationName = Release;
		};
/* End XCConfigurationList section */
	};
	rootObject = D912170F1CB50EED00FDBC64 /* Project object */;
}
